Microsoft Visual Studio Solution File, Format Version 12.00
# Visual Studio Version 17
VisualStudioVersion = 17.5.2.0
MinimumVisualStudioVersion = 10.0.40219.1
Project("{2150E333-8FDC-42A3-9474-1A3956D46DE8}") = "invoice-api", "invoice-api", "{E19BC7AF-0F88-58CD-755D-832FB3049752}"
	ProjectSection(SolutionItems) = preProject
		test-api.http = test-api.http
	EndProjectSection
EndProject
Project("{FAE04EC0-301F-11D3-BF4B-00C04F79EFBC}") = "InvoiceApi", "invoice-api\InvoiceApi.csproj", "{E6BA4701-A43B-2609-B886-A83958C40209}"
EndProject
Global
	GlobalSection(SolutionConfigurationPlatforms) = preSolution
		Debug|Any CPU = Debug|Any CPU
		Release|Any CPU = Release|Any CPU
	EndGlobalSection
	GlobalSection(ProjectConfigurationPlatforms) = postSolution
		{E6BA4701-A43B-2609-B886-A83958C40209}.Debug|Any CPU.ActiveCfg = Debug|Any CPU
		{E6BA4701-A43B-2609-B886-A83958C40209}.Debug|Any CPU.Build.0 = Debug|Any CPU
		{E6BA4701-A43B-2609-B886-A83958C40209}.Release|Any CPU.ActiveCfg = Release|Any CPU
		{E6BA4701-A43B-2609-B886-A83958C40209}.Release|Any CPU.Build.0 = Release|Any CPU
	EndGlobalSection
	GlobalSection(SolutionProperties) = preSolution
		HideSolutionNode = FALSE
	EndGlobalSection
	GlobalSection(NestedProjects) = preSolution
		{E6BA4701-A43B-2609-B886-A83958C40209} = {E19BC7AF-0F88-58CD-755D-832FB3049752}
	EndGlobalSection
	GlobalSection(ExtensibilityGlobals) = postSolution
		SolutionGuid = {E901204C-764B-41A3-B2BA-3E332E67CBAE}
	EndGlobalSection
EndGlobal
